
Microsoft Visual Studio Solution File, Format Version 12.00
# Visual Studio Version 17
VisualStudioVersion = 17.0.31903.59
MinimumVisualStudioVersion = 10.0.40219.1
Project("{FAE04EC0-301F-11D3-BF4B-00C04F79EFBC}") = "DemoApi", "DemoApi\DemoApi.csproj", "{753783D7-8245-4C18-9236-0D36E2B5D999}"
EndProject
Project("{FAE04EC0-301F-11D3-BF4B-00C04F79EFBC}") = "DemoApi.Tests", "DemoApi.Tests\DemoApi.Tests.csproj", "{763F9AD1-1938-48D5-977D-9C0D27498AA7}"
EndProject
Global
	GlobalSection(SolutionConfigurationPlatforms) = preSolution
		Debug|Any CPU = Debug|Any CPU
		Release|Any CPU = Release|Any CPU
	EndGlobalSection
	GlobalSection(SolutionProperties) = preSolution
		HideSolutionNode = FALSE
	EndGlobalSection
	GlobalSection(ProjectConfigurationPlatforms) = postSolution
		{753783D7-8245-4C18-9236-0D36E2B5D999}.Debug|Any CPU.ActiveCfg = Debug|Any CPU
		{753783D7-8245-4C18-9236-0D36E2B5D999}.Debug|Any CPU.Build.0 = Debug|Any CPU
		{753783D7-8245-4C18-9236-0D36E2B5D999}.Release|Any CPU.ActiveCfg = Release|Any CPU
		{753783D7-8245-4C18-9236-0D36E2B5D999}.Release|Any CPU.Build.0 = Release|Any CPU
		{763F9AD1-1938-48D5-977D-9C0D27498AA7}.Debug|Any CPU.ActiveCfg = Debug|Any CPU
		{763F9AD1-1938-48D5-977D-9C0D27498AA7}.Debug|Any CPU.Build.0 = Debug|Any CPU
		{763F9AD1-1938-48D5-977D-9C0D27498AA7}.Release|Any CPU.ActiveCfg = Release|Any CPU
		{763F9AD1-1938-48D5-977D-9C0D27498AA7}.Release|Any CPU.Build.0 = Release|Any CPU
	EndGlobalSection
EndGlobal
